
Microsoft Visual Studio Solution File, Format Version 12.00
# Visual Studio Version 16
VisualStudioVersion = 16.0.29926.136
MinimumVisualStudioVersion = 10.0.40219.1
Project("{2150E333-8FDC-42A3-9474-1A3956D46DE8}") = "Domain", "Domain", "{FC4F249C-3055-4FDE-9ABE-9808626DAE89}"
EndProject
Project("{2150E333-8FDC-42A3-9474-1A3956D46DE8}") = "Common", "Common", "{38034C18-FDB5-4EA8-9FC1-67C76CF81600}"
EndProject
Project("{2150E333-8FDC-42A3-9474-1A3956D46DE8}") = "Repository", "Repository", "{B3B8F184-F736-4F30-9500-557AEE1A652A}"
EndProject
Project("{2150E333-8FDC-42A3-9474-1A3956D46DE8}") = "Service", "Service", "{0598E63A-A978-4EB7-97AD-9C429D5B173F}"
EndProject
Project("{2150E333-8FDC-42A3-9474-1A3956D46DE8}") = "API", "API", "{A9E1A83E-75E0-4AF4-8452-5B2D498922B9}"
EndProject
Project("{FAE04EC0-301F-11D3-BF4B-00C04F79EFBC}") = "Sys.Permission", "Sys.Permission\Sys.Permission.csproj", "{E0FAA4AF-903E-472C-A651-522C9E41FF0B}"
EndProject
Project("{FAE04EC0-301F-11D3-BF4B-00C04F79EFBC}") = "Sys.IRepository", "Sys.IRepository\Sys.IRepository.csproj", "{043205BC-C95C-4500-B405-D2B74A433406}"
EndProject
Project("{FAE04EC0-301F-11D3-BF4B-00C04F79EFBC}") = "Sys.Repository", "Sys.Repository\Sys.Repository.csproj", "{8AE265AE-71E2-4F33-A3EA-D4D0A62102F7}"
EndProject
Project("{FAE04EC0-301F-11D3-BF4B-00C04F79EFBC}") = "Sys.IService", "Sys.IService\Sys.IService.csproj", "{ECE85D59-D7BB-4765-A5B4-524E146FE8B5}"
EndProject
Project("{FAE04EC0-301F-11D3-BF4B-00C04F79EFBC}") = "Sys.Service", "Sys.Service\Sys.Service.csproj", "{0D7A1231-D54F-4B5B-89C5-6846A52615EF}"
EndProject
Project("{FAE04EC0-301F-11D3-BF4B-00C04F79EFBC}") = "Sys.Domain", "Sys.Domain\Sys.Domain.csproj", "{1142832F-44F0-4FDC-8354-B501741E09AB}"
EndProject
Project("{FAE04EC0-301F-11D3-BF4B-00C04F79EFBC}") = "Sys.Common", "Sys.Common\Sys.Common.csproj", "{F230F91F-52C7-4991-85D8-0B8CAD9C056B}"
EndProject
Project("{FAE04EC0-301F-11D3-BF4B-00C04F79EFBC}") = "Sys.Utility", "Sys.Utility\Sys.Utility.csproj", "{4DA2C658-952A-41CF-B164-14460706C4F4}"
EndProject
Global
	GlobalSection(SolutionConfigurationPlatforms) = preSolution
		Debug|Any CPU = Debug|Any CPU
		Release|Any CPU = Release|Any CPU
	EndGlobalSection
	GlobalSection(ProjectConfigurationPlatforms) = postSolution
		{E0FAA4AF-903E-472C-A651-522C9E41FF0B}.Debug|Any CPU.ActiveCfg = Debug|Any CPU
		{E0FAA4AF-903E-472C-A651-522C9E41FF0B}.Debug|Any CPU.Build.0 = Debug|Any CPU
		{E0FAA4AF-903E-472C-A651-522C9E41FF0B}.Release|Any CPU.ActiveCfg = Release|Any CPU
		{E0FAA4AF-903E-472C-A651-522C9E41FF0B}.Release|Any CPU.Build.0 = Release|Any CPU
		{043205BC-C95C-4500-B405-D2B74A433406}.Debug|Any CPU.ActiveCfg = Debug|Any CPU
		{043205BC-C95C-4500-B405-D2B74A433406}.Debug|Any CPU.Build.0 = Debug|Any CPU
		{043205BC-C95C-4500-B405-D2B74A433406}.Release|Any CPU.ActiveCfg = Release|Any CPU
		{043205BC-C95C-4500-B405-D2B74A433406}.Release|Any CPU.Build.0 = Release|Any CPU
		{8AE265AE-71E2-4F33-A3EA-D4D0A62102F7}.Debug|Any CPU.ActiveCfg = Debug|Any CPU
		{8AE265AE-71E2-4F33-A3EA-D4D0A62102F7}.Debug|Any CPU.Build.0 = Debug|Any CPU
		{8AE265AE-71E2-4F33-A3EA-D4D0A62102F7}.Release|Any CPU.ActiveCfg = Release|Any CPU
		{8AE265AE-71E2-4F33-A3EA-D4D0A62102F7}.Release|Any CPU.Build.0 = Release|Any CPU
		{ECE85D59-D7BB-4765-A5B4-524E146FE8B5}.Debug|Any CPU.ActiveCfg = Debug|Any CPU
		{ECE85D59-D7BB-4765-A5B4-524E146FE8B5}.Debug|Any CPU.Build.0 = Debug|Any CPU
		{ECE85D59-D7BB-4765-A5B4-524E146FE8B5}.Release|Any CPU.ActiveCfg = Release|Any CPU
		{ECE85D59-D7BB-4765-A5B4-524E146FE8B5}.Release|Any CPU.Build.0 = Release|Any CPU
		{0D7A1231-D54F-4B5B-89C5-6846A52615EF}.Debug|Any CPU.ActiveCfg = Debug|Any CPU
		{0D7A1231-D54F-4B5B-89C5-6846A52615EF}.Debug|Any CPU.Build.0 = Debug|Any CPU
		{0D7A1231-D54F-4B5B-89C5-6846A52615EF}.Release|Any CPU.ActiveCfg = Release|Any CPU
		{0D7A1231-D54F-4B5B-89C5-6846A52615EF}.Release|Any CPU.Build.0 = Release|Any CPU
		{1142832F-44F0-4FDC-8354-B501741E09AB}.Debug|Any CPU.ActiveCfg = Debug|Any CPU
		{1142832F-44F0-4FDC-8354-B501741E09AB}.Debug|Any CPU.Build.0 = Debug|Any CPU
		{1142832F-44F0-4FDC-8354-B501741E09AB}.Release|Any CPU.ActiveCfg = Release|Any CPU
		{1142832F-44F0-4FDC-8354-B501741E09AB}.Release|Any CPU.Build.0 = Release|Any CPU
		{F230F91F-52C7-4991-85D8-0B8CAD9C056B}.Debug|Any CPU.ActiveCfg = Debug|Any CPU
		{F230F91F-52C7-4991-85D8-0B8CAD9C056B}.Debug|Any CPU.Build.0 = Debug|Any CPU
		{F230F91F-52C7-4991-85D8-0B8CAD9C056B}.Release|Any CPU.ActiveCfg = Release|Any CPU
		{F230F91F-52C7-4991-85D8-0B8CAD9C056B}.Release|Any CPU.Build.0 = Release|Any CPU
		{4DA2C658-952A-41CF-B164-14460706C4F4}.Debug|Any CPU.ActiveCfg = Debug|Any CPU
		{4DA2C658-952A-41CF-B164-14460706C4F4}.Debug|Any CPU.Build.0 = Debug|Any CPU
		{4DA2C658-952A-41CF-B164-14460706C4F4}.Release|Any CPU.ActiveCfg = Release|Any CPU
		{4DA2C658-952A-41CF-B164-14460706C4F4}.Release|Any CPU.Build.0 = Release|Any CPU
	EndGlobalSection
	GlobalSection(SolutionProperties) = preSolution
		HideSolutionNode = FALSE
	EndGlobalSection
	GlobalSection(NestedProjects) = preSolution
		{E0FAA4AF-903E-472C-A651-522C9E41FF0B} = {A9E1A83E-75E0-4AF4-8452-5B2D498922B9}
		{043205BC-C95C-4500-B405-D2B74A433406} = {B3B8F184-F736-4F30-9500-557AEE1A652A}
		{8AE265AE-71E2-4F33-A3EA-D4D0A62102F7} = {B3B8F184-F736-4F30-9500-557AEE1A652A}
		{ECE85D59-D7BB-4765-A5B4-524E146FE8B5} = {0598E63A-A978-4EB7-97AD-9C429D5B173F}
		{0D7A1231-D54F-4B5B-89C5-6846A52615EF} = {0598E63A-A978-4EB7-97AD-9C429D5B173F}
		{1142832F-44F0-4FDC-8354-B501741E09AB} = {FC4F249C-3055-4FDE-9ABE-9808626DAE89}
		{F230F91F-52C7-4991-85D8-0B8CAD9C056B} = {38034C18-FDB5-4EA8-9FC1-67C76CF81600}
		{4DA2C658-952A-41CF-B164-14460706C4F4} = {38034C18-FDB5-4EA8-9FC1-67C76CF81600}
	EndGlobalSection
	GlobalSection(ExtensibilityGlobals) = postSolution
		SolutionGuid = {84C4C1C8-02DF-404D-B96C-77E5C115B4A5}
	EndGlobalSection
EndGlobal
